
Microsoft Visual Studio Solution File, Format Version 12.00
# Visual Studio Version 16
VisualStudioVersion = 16.0.31025.194
MinimumVisualStudioVersion = 10.0.40219.1
Project("{FAE04EC0-301F-11D3-BF4B-00C04F79EFBC}") = "Mdi5toA", "Mdi5toA.csproj", "{668D5B83-C516-485F-98E0-1506E351EC3A}"
EndProject
Global
	GlobalSection(SolutionConfigurationPlatforms) = preSolution
		Debug|Any CPU = Debug|Any CPU
		Release|Any CPU = Release|Any CPU
	EndGlobalSection
	GlobalSection(ProjectConfigurationPlatforms) = postSolution
		{668D5B83-C516-485F-98E0-1506E351EC3A}.Debug|Any CPU.ActiveCfg = Debug|Any CPU
		{668D5B83-C516-485F-98E0-1506E351EC3A}.Debug|Any CPU.Build.0 = Debug|Any CPU
		{668D5B83-C516-485F-98E0-1506E351EC3A}.Release|Any CPU.ActiveCfg = Release|Any CPU
		{668D5B83-C516-485F-98E0-1506E351EC3A}.Release|Any CPU.Build.0 = Release|Any CPU
	EndGlobalSection
	GlobalSection(SolutionProperties) = preSolution
		HideSolutionNode = FALSE
	EndGlobalSection
	GlobalSection(ExtensibilityGlobals) = postSolution
		SolutionGuid = {0FA2B2A6-537D-48A8-883E-61B184A6C704}
	EndGlobalSection
EndGlobal
